
Microsoft Visual Studio Solution File, Format Version 12.00
# Visual Studio Version 16
VisualStudioVersion = 16.0.29318.209
MinimumVisualStudioVersion = 10.0.40219.1
Project("{9A19103F-16F7-4668-BE54-9A1E7A4F7556}") = "LibraryOfProject", "LibraryOfProject\LibraryOfProject.csproj", "{402F2913-DDCB-4C1C-BA6A-CF5BA61F4F12}"
EndProject
Project("{9A19103F-16F7-4668-BE54-9A1E7A4F7556}") = "OutputOfTasks", "OutputOfTasks\OutputOfTasks.csproj", "{BE4CEE7E-312B-4BFD-9FCD-D840A24C039D}"
EndProject
Project("{9A19103F-16F7-4668-BE54-9A1E7A4F7556}") = "HomeworkStructures", "HomeworkStructures\HomeworkStructures.csproj", "{E65C048E-7D4E-435F-85EC-3D2F9C909E44}"
EndProject
Project("{9A19103F-16F7-4668-BE54-9A1E7A4F7556}") = "HomeworkEnums", "HomeworkEnums\HomeworkEnums.csproj", "{5B8B0001-B737-4460-B0FC-4FA1AE111D3B}"
EndProject
Project("{9A19103F-16F7-4668-BE54-9A1E7A4F7556}") = "HomeworkExceptions", "HomeworkExceptions\HomeworkExceptions.csproj", "{CE453E02-E06F-4C01-9983-763F82D24C4B}"
EndProject
Project("{9A19103F-16F7-4668-BE54-9A1E7A4F7556}") = "HomeworkIoStreams", "HomeworkIoStream\HomeworkIoStreams.csproj", "{0CBBD181-BAC1-4720-900B-09D54C081640}"
EndProject
Project("{9A19103F-16F7-4668-BE54-9A1E7A4F7556}") = "HomeworkLogger", "HomeworkLogger\HomeworkLogger.csproj", "{A466141D-52A7-439E-A4A0-4B993A86CDB8}"
EndProject
Project("{9A19103F-16F7-4668-BE54-9A1E7A4F7556}") = "HomeworkSerialization", "HomeworkSerialization\HomeworkSerialization.csproj", "{954A3752-D2B1-49B1-9309-E560BAFA6E92}"
EndProject
Project("{9A19103F-16F7-4668-BE54-9A1E7A4F7556}") = "HomeworkReflection", "HomeworkReflection\HomeworkReflection.csproj", "{A19BF521-9743-40C4-AF38-B62C9F4A03DD}"
EndProject
Project("{9A19103F-16F7-4668-BE54-9A1E7A4F7556}") = "HomeworkStyleCoding", "HomeworkStyleCoding\HomeworkStyleCoding.csproj", "{3373EA8A-1955-41D8-AAF1-034499C13781}"
EndProject
Project("{9A19103F-16F7-4668-BE54-9A1E7A4F7556}") = "HomeworkSolid", "HomeworkSolid\HomeworkSolid.csproj", "{66AB1CD3-1412-4BA5-A684-79575AA9D860}"
EndProject
Project("{9A19103F-16F7-4668-BE54-9A1E7A4F7556}") = "HomeworkVariantTwoFolderComparer", "HomeworkVariantTwoFolderComparer\HomeworkVariantTwoFolderComparer.csproj", "{BD5AC6EF-FCAD-433B-9DDB-2F9DB3922AC3}"
EndProject
Project("{9A19103F-16F7-4668-BE54-9A1E7A4F7556}") = "HomeworkVariantOneExcel", "HomeworkVariantOneExcel\HomeworkVariantOneExcel.csproj", "{6C8CF8ED-6D2A-4F1E-9178-7577CECD9FCE}"
EndProject
Project("{9A19103F-16F7-4668-BE54-9A1E7A4F7556}") = "HomeworkAsynchrony", "HomeworkAsynchrony\HomeworkAsynchrony.csproj", "{281B92F1-7D86-42BD-97D7-CBFFA1B56A05}"
EndProject
Project("{9A19103F-16F7-4668-BE54-9A1E7A4F7556}") = "HomeworkIoC", "HomeworkIoC\HomeworkIoC.csproj", "{806B8301-4935-4706-99D6-C9A1663219C9}"
EndProject
Project("{9A19103F-16F7-4668-BE54-9A1E7A4F7556}") = "HomeworkUnitTests", "HomeworkUnitTests\HomeworkUnitTests.csproj", "{B62CE87C-ED40-481C-A0B0-09896D124FC9}"
EndProject
Project("{9A19103F-16F7-4668-BE54-9A1E7A4F7556}") = "SchoolTest", "HomeworkSchoolTest\SchoolTest.csproj", "{B4776EA7-ACD3-47DB-B9A2-9432032D831E}"
EndProject
Project("{FAE04EC0-301F-11D3-BF4B-00C04F79EFBC}") = "IoCTests", "IoCTests\IoCTests.csproj", "{F3317A09-4CFE-4F7E-B21E-619EC4081316}"
EndProject
Global
	GlobalSection(SolutionConfigurationPlatforms) = preSolution
		Debug|Any CPU = Debug|Any CPU
		Release|Any CPU = Release|Any CPU
	EndGlobalSection
	GlobalSection(ProjectConfigurationPlatforms) = postSolution
		{402F2913-DDCB-4C1C-BA6A-CF5BA61F4F12}.Debug|Any CPU.ActiveCfg = Debug|Any CPU
		{402F2913-DDCB-4C1C-BA6A-CF5BA61F4F12}.Debug|Any CPU.Build.0 = Debug|Any CPU
		{402F2913-DDCB-4C1C-BA6A-CF5BA61F4F12}.Release|Any CPU.ActiveCfg = Release|Any CPU
		{402F2913-DDCB-4C1C-BA6A-CF5BA61F4F12}.Release|Any CPU.Build.0 = Release|Any CPU
		{BE4CEE7E-312B-4BFD-9FCD-D840A24C039D}.Debug|Any CPU.ActiveCfg = Debug|Any CPU
		{BE4CEE7E-312B-4BFD-9FCD-D840A24C039D}.Debug|Any CPU.Build.0 = Debug|Any CPU
		{BE4CEE7E-312B-4BFD-9FCD-D840A24C039D}.Release|Any CPU.ActiveCfg = Release|Any CPU
		{BE4CEE7E-312B-4BFD-9FCD-D840A24C039D}.Release|Any CPU.Build.0 = Release|Any CPU
		{E65C048E-7D4E-435F-85EC-3D2F9C909E44}.Debug|Any CPU.ActiveCfg = Debug|Any CPU
		{E65C048E-7D4E-435F-85EC-3D2F9C909E44}.Debug|Any CPU.Build.0 = Debug|Any CPU
		{E65C048E-7D4E-435F-85EC-3D2F9C909E44}.Release|Any CPU.ActiveCfg = Release|Any CPU
		{E65C048E-7D4E-435F-85EC-3D2F9C909E44}.Release|Any CPU.Build.0 = Release|Any CPU
		{5B8B0001-B737-4460-B0FC-4FA1AE111D3B}.Debug|Any CPU.ActiveCfg = Debug|Any CPU
		{5B8B0001-B737-4460-B0FC-4FA1AE111D3B}.Debug|Any CPU.Build.0 = Debug|Any CPU
		{5B8B0001-B737-4460-B0FC-4FA1AE111D3B}.Release|Any CPU.ActiveCfg = Release|Any CPU
		{5B8B0001-B737-4460-B0FC-4FA1AE111D3B}.Release|Any CPU.Build.0 = Release|Any CPU
		{CE453E02-E06F-4C01-9983-763F82D24C4B}.Debug|Any CPU.ActiveCfg = Debug|Any CPU
		{CE453E02-E06F-4C01-9983-763F82D24C4B}.Debug|Any CPU.Build.0 = Debug|Any CPU
		{CE453E02-E06F-4C01-9983-763F82D24C4B}.Release|Any CPU.ActiveCfg = Release|Any CPU
		{CE453E02-E06F-4C01-9983-763F82D24C4B}.Release|Any CPU.Build.0 = Release|Any CPU
		{0CBBD181-BAC1-4720-900B-09D54C081640}.Debug|Any CPU.ActiveCfg = Debug|Any CPU
		{0CBBD181-BAC1-4720-900B-09D54C081640}.Debug|Any CPU.Build.0 = Debug|Any CPU
		{0CBBD181-BAC1-4720-900B-09D54C081640}.Release|Any CPU.ActiveCfg = Release|Any CPU
		{0CBBD181-BAC1-4720-900B-09D54C081640}.Release|Any CPU.Build.0 = Release|Any CPU
		{A466141D-52A7-439E-A4A0-4B993A86CDB8}.Debug|Any CPU.ActiveCfg = Debug|Any CPU
		{A466141D-52A7-439E-A4A0-4B993A86CDB8}.Debug|Any CPU.Build.0 = Debug|Any CPU
		{A466141D-52A7-439E-A4A0-4B993A86CDB8}.Release|Any CPU.ActiveCfg = Release|Any CPU
		{A466141D-52A7-439E-A4A0-4B993A86CDB8}.Release|Any CPU.Build.0 = Release|Any CPU
		{954A3752-D2B1-49B1-9309-E560BAFA6E92}.Debug|Any CPU.ActiveCfg = Debug|Any CPU
		{954A3752-D2B1-49B1-9309-E560BAFA6E92}.Debug|Any CPU.Build.0 = Debug|Any CPU
		{954A3752-D2B1-49B1-9309-E560BAFA6E92}.Release|Any CPU.ActiveCfg = Release|Any CPU
		{954A3752-D2B1-49B1-9309-E560BAFA6E92}.Release|Any CPU.Build.0 = Release|Any CPU
		{A19BF521-9743-40C4-AF38-B62C9F4A03DD}.Debug|Any CPU.ActiveCfg = Debug|Any CPU
		{A19BF521-9743-40C4-AF38-B62C9F4A03DD}.Debug|Any CPU.Build.0 = Debug|Any CPU
		{A19BF521-9743-40C4-AF38-B62C9F4A03DD}.Release|Any CPU.ActiveCfg = Release|Any CPU
		{A19BF521-9743-40C4-AF38-B62C9F4A03DD}.Release|Any CPU.Build.0 = Release|Any CPU
		{3373EA8A-1955-41D8-AAF1-034499C13781}.Debug|Any CPU.ActiveCfg = Debug|Any CPU
		{3373EA8A-1955-41D8-AAF1-034499C13781}.Debug|Any CPU.Build.0 = Debug|Any CPU
		{3373EA8A-1955-41D8-AAF1-034499C13781}.Release|Any CPU.ActiveCfg = Release|Any CPU
		{3373EA8A-1955-41D8-AAF1-034499C13781}.Release|Any CPU.Build.0 = Release|Any CPU
		{66AB1CD3-1412-4BA5-A684-79575AA9D860}.Debug|Any CPU.ActiveCfg = Debug|Any CPU
		{66AB1CD3-1412-4BA5-A684-79575AA9D860}.Debug|Any CPU.Build.0 = Debug|Any CPU
		{66AB1CD3-1412-4BA5-A684-79575AA9D860}.Release|Any CPU.ActiveCfg = Release|Any CPU
		{66AB1CD3-1412-4BA5-A684-79575AA9D860}.Release|Any CPU.Build.0 = Release|Any CPU
		{BD5AC6EF-FCAD-433B-9DDB-2F9DB3922AC3}.Debug|Any CPU.ActiveCfg = Debug|Any CPU
		{BD5AC6EF-FCAD-433B-9DDB-2F9DB3922AC3}.Debug|Any CPU.Build.0 = Debug|Any CPU
		{BD5AC6EF-FCAD-433B-9DDB-2F9DB3922AC3}.Release|Any CPU.ActiveCfg = Release|Any CPU
		{BD5AC6EF-FCAD-433B-9DDB-2F9DB3922AC3}.Release|Any CPU.Build.0 = Release|Any CPU
		{6C8CF8ED-6D2A-4F1E-9178-7577CECD9FCE}.Debug|Any CPU.ActiveCfg = Debug|Any CPU
		{6C8CF8ED-6D2A-4F1E-9178-7577CECD9FCE}.Debug|Any CPU.Build.0 = Debug|Any CPU
		{6C8CF8ED-6D2A-4F1E-9178-7577CECD9FCE}.Release|Any CPU.ActiveCfg = Release|Any CPU
		{6C8CF8ED-6D2A-4F1E-9178-7577CECD9FCE}.Release|Any CPU.Build.0 = Release|Any CPU
		{281B92F1-7D86-42BD-97D7-CBFFA1B56A05}.Debug|Any CPU.ActiveCfg = Debug|Any CPU
		{281B92F1-7D86-42BD-97D7-CBFFA1B56A05}.Debug|Any CPU.Build.0 = Debug|Any CPU
		{281B92F1-7D86-42BD-97D7-CBFFA1B56A05}.Release|Any CPU.ActiveCfg = Release|Any CPU
		{281B92F1-7D86-42BD-97D7-CBFFA1B56A05}.Release|Any CPU.Build.0 = Release|Any CPU
		{806B8301-4935-4706-99D6-C9A1663219C9}.Debug|Any CPU.ActiveCfg = Debug|Any CPU
		{806B8301-4935-4706-99D6-C9A1663219C9}.Debug|Any CPU.Build.0 = Debug|Any CPU
		{806B8301-4935-4706-99D6-C9A1663219C9}.Release|Any CPU.ActiveCfg = Release|Any CPU
		{806B8301-4935-4706-99D6-C9A1663219C9}.Release|Any CPU.Build.0 = Release|Any CPU
		{B62CE87C-ED40-481C-A0B0-09896D124FC9}.Debug|Any CPU.ActiveCfg = Debug|Any CPU
		{B62CE87C-ED40-481C-A0B0-09896D124FC9}.Debug|Any CPU.Build.0 = Debug|Any CPU
		{B62CE87C-ED40-481C-A0B0-09896D124FC9}.Release|Any CPU.ActiveCfg = Release|Any CPU
		{B62CE87C-ED40-481C-A0B0-09896D124FC9}.Release|Any CPU.Build.0 = Release|Any CPU
		{B4776EA7-ACD3-47DB-B9A2-9432032D831E}.Debug|Any CPU.ActiveCfg = Debug|Any CPU
		{B4776EA7-ACD3-47DB-B9A2-9432032D831E}.Debug|Any CPU.Build.0 = Debug|Any CPU
		{B4776EA7-ACD3-47DB-B9A2-9432032D831E}.Release|Any CPU.ActiveCfg = Release|Any CPU
		{B4776EA7-ACD3-47DB-B9A2-9432032D831E}.Release|Any CPU.Build.0 = Release|Any CPU
		{F3317A09-4CFE-4F7E-B21E-619EC4081316}.Debug|Any CPU.ActiveCfg = Debug|Any CPU
		{F3317A09-4CFE-4F7E-B21E-619EC4081316}.Debug|Any CPU.Build.0 = Debug|Any CPU
		{F3317A09-4CFE-4F7E-B21E-619EC4081316}.Release|Any CPU.ActiveCfg = Release|Any CPU
		{F3317A09-4CFE-4F7E-B21E-619EC4081316}.Release|Any CPU.Build.0 = Release|Any CPU
	EndGlobalSection
	GlobalSection(SolutionProperties) = preSolution
		HideSolutionNode = FALSE
	EndGlobalSection
	GlobalSection(ExtensibilityGlobals) = postSolution
		SolutionGuid = {E3B72023-B210-46FD-8C8A-7C508AEB1358}
	EndGlobalSection
EndGlobal
